
Microsoft Visual Studio Solution File, Format Version 12.00
# Visual Studio Version 16
VisualStudioVersion = 16.0.30320.27
MinimumVisualStudioVersion = 10.0.40219.1
Project("{2150E333-8FDC-42A3-9474-1A3956D46DE8}") = "src", "src", "{EE9C0B15-A82A-40D4-B4EB-DF463FF0E446}"
EndProject
Project("{9A19103F-16F7-4668-BE54-9A1E7A4F7556}") = "EasyCrypto", "src\EasyCrypto\EasyCrypto.csproj", "{BC2042B2-CFC4-4D24-A589-70C72A585A8C}"
EndProject
Project("{2150E333-8FDC-42A3-9474-1A3956D46DE8}") = "tests", "tests", "{87B2E37E-B472-41A3-8051-EAA0BDFCB958}"
EndProject
Project("{9A19103F-16F7-4668-BE54-9A1E7A4F7556}") = "EasyCrypto.Tests", "tests\EasyCrypto.Tests\EasyCrypto.Tests.csproj", "{3C82DF35-3ADB-4D8D-A8FF-75C4B28755CE}"
EndProject
Project("{FAE04EC0-301F-11D3-BF4B-00C04F79EFBC}") = "EasyCrypto.Tests.Net", "tests\EasyCrypto.Tests.Net\EasyCrypto.Tests.Net.csproj", "{7CCE0393-D1AA-4FF4-A505-4CF79A76DED4}"
EndProject
Project("{2150E333-8FDC-42A3-9474-1A3956D46DE8}") = "md", "md", "{C16C83EB-E229-4E44-A3E3-F034A0B5A2A3}"
	ProjectSection(SolutionItems) = preProject
		Benchmarks.md = Benchmarks.md
		HISTORY.md = HISTORY.md
		README.md = README.md
	EndProjectSection
EndProject
Project("{FAE04EC0-301F-11D3-BF4B-00C04F79EFBC}") = "EasyCrypto.Banchmarks", "tests\EasyCrypto.Banchmarks\EasyCrypto.Banchmarks.csproj", "{76F31E65-272D-4EE3-9498-A4D71A801D22}"
EndProject
Global
	GlobalSection(SolutionConfigurationPlatforms) = preSolution
		Debug|Any CPU = Debug|Any CPU
		Release|Any CPU = Release|Any CPU
	EndGlobalSection
	GlobalSection(ProjectConfigurationPlatforms) = postSolution
		{BC2042B2-CFC4-4D24-A589-70C72A585A8C}.Debug|Any CPU.ActiveCfg = Debug|Any CPU
		{BC2042B2-CFC4-4D24-A589-70C72A585A8C}.Debug|Any CPU.Build.0 = Debug|Any CPU
		{BC2042B2-CFC4-4D24-A589-70C72A585A8C}.Release|Any CPU.ActiveCfg = Release|Any CPU
		{BC2042B2-CFC4-4D24-A589-70C72A585A8C}.Release|Any CPU.Build.0 = Release|Any CPU
		{3C82DF35-3ADB-4D8D-A8FF-75C4B28755CE}.Debug|Any CPU.ActiveCfg = Debug|Any CPU
		{3C82DF35-3ADB-4D8D-A8FF-75C4B28755CE}.Debug|Any CPU.Build.0 = Debug|Any CPU
		{3C82DF35-3ADB-4D8D-A8FF-75C4B28755CE}.Release|Any CPU.ActiveCfg = Release|Any CPU
		{3C82DF35-3ADB-4D8D-A8FF-75C4B28755CE}.Release|Any CPU.Build.0 = Release|Any CPU
		{7CCE0393-D1AA-4FF4-A505-4CF79A76DED4}.Debug|Any CPU.ActiveCfg = Debug|Any CPU
		{7CCE0393-D1AA-4FF4-A505-4CF79A76DED4}.Debug|Any CPU.Build.0 = Debug|Any CPU
		{7CCE0393-D1AA-4FF4-A505-4CF79A76DED4}.Release|Any CPU.ActiveCfg = Release|Any CPU
		{7CCE0393-D1AA-4FF4-A505-4CF79A76DED4}.Release|Any CPU.Build.0 = Release|Any CPU
		{76F31E65-272D-4EE3-9498-A4D71A801D22}.Debug|Any CPU.ActiveCfg = Debug|Any CPU
		{76F31E65-272D-4EE3-9498-A4D71A801D22}.Debug|Any CPU.Build.0 = Debug|Any CPU
		{76F31E65-272D-4EE3-9498-A4D71A801D22}.Release|Any CPU.ActiveCfg = Release|Any CPU
		{76F31E65-272D-4EE3-9498-A4D71A801D22}.Release|Any CPU.Build.0 = Release|Any CPU
	EndGlobalSection
	GlobalSection(SolutionProperties) = preSolution
		HideSolutionNode = FALSE
	EndGlobalSection
	GlobalSection(NestedProjects) = preSolution
		{BC2042B2-CFC4-4D24-A589-70C72A585A8C} = {EE9C0B15-A82A-40D4-B4EB-DF463FF0E446}
		{3C82DF35-3ADB-4D8D-A8FF-75C4B28755CE} = {87B2E37E-B472-41A3-8051-EAA0BDFCB958}
		{7CCE0393-D1AA-4FF4-A505-4CF79A76DED4} = {87B2E37E-B472-41A3-8051-EAA0BDFCB958}
		{76F31E65-272D-4EE3-9498-A4D71A801D22} = {87B2E37E-B472-41A3-8051-EAA0BDFCB958}
	EndGlobalSection
	GlobalSection(ExtensibilityGlobals) = postSolution
		SolutionGuid = {9402F085-2E7C-4504-9298-DC12E594AF74}
	EndGlobalSection
EndGlobal
